
Microsoft Visual Studio Solution File, Format Version 12.00
# Visual Studio Version 17
VisualStudioVersion = 17.3.32901.215
MinimumVisualStudioVersion = 10.0.40219.1
Project("{FAE04EC0-301F-11D3-BF4B-00C04F79EFBC}") = "ConsoleApp1", "ConsoleApp1\ConsoleApp1.csproj", "{038F8F12-78F0-4BC2-87C9-A64F5C0AEB2E}"
EndProject
Global
	GlobalSection(SolutionConfigurationPlatforms) = preSolution
		Debug|Any CPU = Debug|Any CPU
		Release|Any CPU = Release|Any CPU
	EndGlobalSection
	GlobalSection(ProjectConfigurationPlatforms) = postSolution
		{038F8F12-78F0-4BC2-87C9-A64F5C0AEB2E}.Debug|Any CPU.ActiveCfg = Debug|Any CPU
		{038F8F12-78F0-4BC2-87C9-A64F5C0AEB2E}.Debug|Any CPU.Build.0 = Debug|Any CPU
		{038F8F12-78F0-4BC2-87C9-A64F5C0AEB2E}.Release|Any CPU.ActiveCfg = Release|Any CPU
		{038F8F12-78F0-4BC2-87C9-A64F5C0AEB2E}.Release|Any CPU.Build.0 = Release|Any CPU
	EndGlobalSection
	GlobalSection(SolutionProperties) = preSolution
		HideSolutionNode = FALSE
	EndGlobalSection
	GlobalSection(ExtensibilityGlobals) = postSolution
		SolutionGuid = {74D3D9F6-5B42-42E2-8EFF-C0F575B4CA67}
	EndGlobalSection
EndGlobal
